
Microsoft Visual Studio Solution File, Format Version 12.00
# Visual Studio Version 16
VisualStudioVersion = 16.0.31112.23
MinimumVisualStudioVersion = 10.0.40219.1
Project("{FAE04EC0-301F-11D3-BF4B-00C04F79EFBC}") = "EsercitazioneWeek2.Banca", "EsercitazioneWeek2.Banca\EsercitazioneWeek2.Banca.csproj", "{4F773BD9-E45A-4CD5-B4DE-94168594C29A}"
EndProject
Project("{FAE04EC0-301F-11D3-BF4B-00C04F79EFBC}") = "EsercitazioneWeek2.Lib", "EsercitazioneWeek2.Lib\EsercitazioneWeek2.Lib.csproj", "{125843D1-E12E-44AC-8CD3-C8C3879EE985}"
EndProject
Global
	GlobalSection(SolutionConfigurationPlatforms) = preSolution
		Debug|Any CPU = Debug|Any CPU
		Release|Any CPU = Release|Any CPU
	EndGlobalSection
	GlobalSection(ProjectConfigurationPlatforms) = postSolution
		{4F773BD9-E45A-4CD5-B4DE-94168594C29A}.Debug|Any CPU.ActiveCfg = Debug|Any CPU
		{4F773BD9-E45A-4CD5-B4DE-94168594C29A}.Debug|Any CPU.Build.0 = Debug|Any CPU
		{4F773BD9-E45A-4CD5-B4DE-94168594C29A}.Release|Any CPU.ActiveCfg = Release|Any CPU
		{4F773BD9-E45A-4CD5-B4DE-94168594C29A}.Release|Any CPU.Build.0 = Release|Any CPU
		{125843D1-E12E-44AC-8CD3-C8C3879EE985}.Debug|Any CPU.ActiveCfg = Debug|Any CPU
		{125843D1-E12E-44AC-8CD3-C8C3879EE985}.Debug|Any CPU.Build.0 = Debug|Any CPU
		{125843D1-E12E-44AC-8CD3-C8C3879EE985}.Release|Any CPU.ActiveCfg = Release|Any CPU
		{125843D1-E12E-44AC-8CD3-C8C3879EE985}.Release|Any CPU.Build.0 = Release|Any CPU
	EndGlobalSection
	GlobalSection(SolutionProperties) = preSolution
		HideSolutionNode = FALSE
	EndGlobalSection
	GlobalSection(ExtensibilityGlobals) = postSolution
		SolutionGuid = {1FBB522B-6962-4C43-8CC3-21DC8B803136}
	EndGlobalSection
EndGlobal
